// !$*UTF8*$!
{
	archiveVersion = 1;
	classes = {
	};
	objectVersion = 56;
	objects = {

/* Begin PBXBuildFile section */
		8336B6D12C5432D30020D996 /* PrimaryButton.swift in Sources */ = {isa = PBXBuildFile; fileRef = 8336B6D02C5432D30020D996 /* PrimaryButton.swift */; };
		8336B6D32C5442F00020D996 /* SecondaryButton.swift in Sources */ = {isa = PBXBuildFile; fileRef = 8336B6D22C5442F00020D996 /* SecondaryButton.swift */; };
		8336B6D72C54704A0020D996 /* LoginCPFView.swift in Sources */ = {isa = PBXBuildFile; fileRef = 8336B6D62C54704A0020D996 /* LoginCPFView.swift */; };
		8336B6D92C5470590020D996 /* LoginCPFViewModel.swift in Sources */ = {isa = PBXBuildFile; fileRef = 8336B6D82C5470590020D996 /* LoginCPFViewModel.swift */; };
		8336B6DB2C5470690020D996 /* LoginCPFViewController.swift in Sources */ = {isa = PBXBuildFile; fileRef = 8336B6DA2C5470690020D996 /* LoginCPFViewController.swift */; };
		8336B6E32C54709F0020D996 /* desafio_ios_michelliTests.swift in Sources */ = {isa = PBXBuildFile; fileRef = 8336B6E22C54709F0020D996 /* desafio_ios_michelliTests.swift */; };
		8336B6EF2C5490650020D996 /* LoginPasswordViewModel.swift in Sources */ = {isa = PBXBuildFile; fileRef = 8336B6EE2C5490650020D996 /* LoginPasswordViewModel.swift */; };
		8336B6F12C5490770020D996 /* LoginPasswordViewController.swift in Sources */ = {isa = PBXBuildFile; fileRef = 8336B6F02C5490770020D996 /* LoginPasswordViewController.swift */; };
		8336B6F32C5490870020D996 /* LoginPasswordView.swift in Sources */ = {isa = PBXBuildFile; fileRef = 8336B6F22C5490870020D996 /* LoginPasswordView.swift */; };
		8336B6F52C5498330020D996 /* UIView+Extension.swift in Sources */ = {isa = PBXBuildFile; fileRef = 8336B6F42C5498330020D996 /* UIView+Extension.swift */; };
		8336B6F72C54988F0020D996 /* UIViewController+Extension.swift in Sources */ = {isa = PBXBuildFile; fileRef = 8336B6F62C54988F0020D996 /* UIViewController+Extension.swift */; };
		8336B6FB2C54B17E0020D996 /* TertiaryButton.swift in Sources */ = {isa = PBXBuildFile; fileRef = 8336B6FA2C54B17E0020D996 /* TertiaryButton.swift */; };
		8336B6FE2C54B3B40020D996 /* ExtractDataSource.swift in Sources */ = {isa = PBXBuildFile; fileRef = 8336B6FD2C54B3B40020D996 /* ExtractDataSource.swift */; };
		8336B7012C54B4600020D996 /* ExtractModel.swift in Sources */ = {isa = PBXBuildFile; fileRef = 8336B7002C54B4600020D996 /* ExtractModel.swift */; };
		837D44D82C52933200372C67 /* AppDelegate.swift in Sources */ = {isa = PBXBuildFile; fileRef = 837D44D72C52933200372C67 /* AppDelegate.swift */; };
		837D44DA2C52933200372C67 /* SceneDelegate.swift in Sources */ = {isa = PBXBuildFile; fileRef = 837D44D92C52933200372C67 /* SceneDelegate.swift */; };
		837D44DC2C52933200372C67 /* ViewController.swift in Sources */ = {isa = PBXBuildFile; fileRef = 837D44DB2C52933200372C67 /* ViewController.swift */; };
		837D44E12C52933400372C67 /* Assets.xcassets in Resources */ = {isa = PBXBuildFile; fileRef = 837D44E02C52933400372C67 /* Assets.xcassets */; };
		837D44E42C52933400372C67 /* Base in Resources */ = {isa = PBXBuildFile; fileRef = 837D44E32C52933400372C67 /* Base */; };
		837D44EE2C5295DA00372C67 /* RootViewController.swift in Sources */ = {isa = PBXBuildFile; fileRef = 837D44ED2C5295DA00372C67 /* RootViewController.swift */; };
		837D44F02C5295E900372C67 /* RootView.swift in Sources */ = {isa = PBXBuildFile; fileRef = 837D44EF2C5295E900372C67 /* RootView.swift */; };
		837D44F62C52967800372C67 /* ViewCodable.swift in Sources */ = {isa = PBXBuildFile; fileRef = 837D44F52C52967800372C67 /* ViewCodable.swift */; };
		837D44F92C52980F00372C67 /* UIColor+Extension.swift in Sources */ = {isa = PBXBuildFile; fileRef = 837D44F82C52980F00372C67 /* UIColor+Extension.swift */; };
		837D44FE2C541C6700372C67 /* AvenirLTStd-Black.otf in Resources */ = {isa = PBXBuildFile; fileRef = 837D44FB2C541C6700372C67 /* AvenirLTStd-Black.otf */; };
		837D44FF2C541C6700372C67 /* AvenirLTStd-Book.otf in Resources */ = {isa = PBXBuildFile; fileRef = 837D44FC2C541C6700372C67 /* AvenirLTStd-Book.otf */; };
		837D45002C541C6700372C67 /* AvenirLTStd-Roman.otf in Resources */ = {isa = PBXBuildFile; fileRef = 837D44FD2C541C6700372C67 /* AvenirLTStd-Roman.otf */; };
		837D45022C54201600372C67 /* UIFont+Extension.swift in Sources */ = {isa = PBXBuildFile; fileRef = 837D45012C54201600372C67 /* UIFont+Extension.swift */; };
/* End PBXBuildFile section */

/* Begin PBXContainerItemProxy section */
		8336B6E42C54709F0020D996 /* PBXContainerItemProxy */ = {
			isa = PBXContainerItemProxy;
			containerPortal = 837D44CC2C52933200372C67 /* Project object */;
			proxyType = 1;
			remoteGlobalIDString = 837D44D32C52933200372C67;
			remoteInfo = "desafio-ios-michelli";
		};
/* End PBXContainerItemProxy section */

/* Begin PBXFileReference section */
		8336B6D02C5432D30020D996 /* PrimaryButton.swift */ = {isa = PBXFileReference; lastKnownFileType = sourcecode.swift; path = PrimaryButton.swift; sourceTree = "<group>"; };
		8336B6D22C5442F00020D996 /* SecondaryButton.swift */ = {isa = PBXFileReference; lastKnownFileType = sourcecode.swift; path = SecondaryButton.swift; sourceTree = "<group>"; };
		8336B6D62C54704A0020D996 /* LoginCPFView.swift */ = {isa = PBXFileReference; lastKnownFileType = sourcecode.swift; path = LoginCPFView.swift; sourceTree = "<group>"; };
		8336B6D82C5470590020D996 /* LoginCPFViewModel.swift */ = {isa = PBXFileReference; lastKnownFileType = sourcecode.swift; path = LoginCPFViewModel.swift; sourceTree = "<group>"; };
		8336B6DA2C5470690020D996 /* LoginCPFViewController.swift */ = {isa = PBXFileReference; lastKnownFileType = sourcecode.swift; path = LoginCPFViewController.swift; sourceTree = "<group>"; };
		8336B6E02C54709F0020D996 /* desafio-ios-michelliTests.xctest */ = {isa = PBXFileReference; explicitFileType = wrapper.cfbundle; includeInIndex = 0; path = "desafio-ios-michelliTests.xctest"; sourceTree = BUILT_PRODUCTS_DIR; };
		8336B6E22C54709F0020D996 /* desafio_ios_michelliTests.swift */ = {isa = PBXFileReference; lastKnownFileType = sourcecode.swift; path = desafio_ios_michelliTests.swift; sourceTree = "<group>"; };
		8336B6EE2C5490650020D996 /* LoginPasswordViewModel.swift */ = {isa = PBXFileReference; lastKnownFileType = sourcecode.swift; path = LoginPasswordViewModel.swift; sourceTree = "<group>"; };
		8336B6F02C5490770020D996 /* LoginPasswordViewController.swift */ = {isa = PBXFileReference; lastKnownFileType = sourcecode.swift; path = LoginPasswordViewController.swift; sourceTree = "<group>"; };
		8336B6F22C5490870020D996 /* LoginPasswordView.swift */ = {isa = PBXFileReference; lastKnownFileType = sourcecode.swift; path = LoginPasswordView.swift; sourceTree = "<group>"; };
		8336B6F42C5498330020D996 /* UIView+Extension.swift */ = {isa = PBXFileReference; lastKnownFileType = sourcecode.swift; path = "UIView+Extension.swift"; sourceTree = "<group>"; };
		8336B6F62C54988F0020D996 /* UIViewController+Extension.swift */ = {isa = PBXFileReference; lastKnownFileType = sourcecode.swift; path = "UIViewController+Extension.swift"; sourceTree = "<group>"; };
		8336B6FA2C54B17E0020D996 /* TertiaryButton.swift */ = {isa = PBXFileReference; lastKnownFileType = sourcecode.swift; path = TertiaryButton.swift; sourceTree = "<group>"; };
		8336B6FD2C54B3B40020D996 /* ExtractDataSource.swift */ = {isa = PBXFileReference; lastKnownFileType = sourcecode.swift; path = ExtractDataSource.swift; sourceTree = "<group>"; };
		8336B7002C54B4600020D996 /* ExtractModel.swift */ = {isa = PBXFileReference; lastKnownFileType = sourcecode.swift; path = ExtractModel.swift; sourceTree = "<group>"; };
		837D44D42C52933200372C67 /* desafio-ios-michelli.app */ = {isa = PBXFileReference; explicitFileType = wrapper.application; includeInIndex = 0; path = "desafio-ios-michelli.app"; sourceTree = BUILT_PRODUCTS_DIR; };
		837D44D72C52933200372C67 /* AppDelegate.swift */ = {isa = PBXFileReference; lastKnownFileType = sourcecode.swift; path = AppDelegate.swift; sourceTree = "<group>"; };
		837D44D92C52933200372C67 /* SceneDelegate.swift */ = {isa = PBXFileReference; lastKnownFileType = sourcecode.swift; path = SceneDelegate.swift; sourceTree = "<group>"; };
		837D44DB2C52933200372C67 /* ViewController.swift */ = {isa = PBXFileReference; lastKnownFileType = sourcecode.swift; path = ViewController.swift; sourceTree = "<group>"; };
		837D44E02C52933400372C67 /* Assets.xcassets */ = {isa = PBXFileReference; lastKnownFileType = folder.assetcatalog; path = Assets.xcassets; sourceTree = "<group>"; };
		837D44E32C52933400372C67 /* Base */ = {isa = PBXFileReference; lastKnownFileType = file.storyboard; name = Base; path = Base.lproj/LaunchScreen.storyboard; sourceTree = "<group>"; };
		837D44E52C52933400372C67 /* Info.plist */ = {isa = PBXFileReference; lastKnownFileType = text.plist.xml; path = Info.plist; sourceTree = "<group>"; };
		837D44ED2C5295DA00372C67 /* RootViewController.swift */ = {isa = PBXFileReference; lastKnownFileType = sourcecode.swift; path = RootViewController.swift; sourceTree = "<group>"; };
		837D44EF2C5295E900372C67 /* RootView.swift */ = {isa = PBXFileReference; lastKnownFileType = sourcecode.swift; path = RootView.swift; sourceTree = "<group>"; };
		837D44F52C52967800372C67 /* ViewCodable.swift */ = {isa = PBXFileReference; lastKnownFileType = sourcecode.swift; path = ViewCodable.swift; sourceTree = "<group>"; };
		837D44F82C52980F00372C67 /* UIColor+Extension.swift */ = {isa = PBXFileReference; lastKnownFileType = sourcecode.swift; path = "UIColor+Extension.swift"; sourceTree = "<group>"; };
		837D44FB2C541C6700372C67 /* AvenirLTStd-Black.otf */ = {isa = PBXFileReference; lastKnownFileType = file; name = "AvenirLTStd-Black.otf"; path = "../../../../../../Desktop/avenir_ff/AvenirLTStd-Black.otf"; sourceTree = "<group>"; };
		837D44FC2C541C6700372C67 /* AvenirLTStd-Book.otf */ = {isa = PBXFileReference; lastKnownFileType = file; name = "AvenirLTStd-Book.otf"; path = "../../../../../../Desktop/avenir_ff/AvenirLTStd-Book.otf"; sourceTree = "<group>"; };
		837D44FD2C541C6700372C67 /* AvenirLTStd-Roman.otf */ = {isa = PBXFileReference; lastKnownFileType = file; name = "AvenirLTStd-Roman.otf"; path = "../../../../../../Desktop/avenir_ff/AvenirLTStd-Roman.otf"; sourceTree = "<group>"; };
		837D45012C54201600372C67 /* UIFont+Extension.swift */ = {isa = PBXFileReference; lastKnownFileType = sourcecode.swift; path = "UIFont+Extension.swift"; sourceTree = "<group>"; };
/* End PBXFileReference section */

/* Begin PBXFrameworksBuildPhase section */
		8336B6DD2C54709F0020D996 /* Frameworks */ = {
			isa = PBXFrameworksBuildPhase;
			buildActionMask = 2147483647;
			files = (
			);
			runOnlyForDeploymentPostprocessing = 0;
		};
		837D44D12C52933200372C67 /* Frameworks */ = {
			isa = PBXFrameworksBuildPhase;
			buildActionMask = 2147483647;
			files = (
			);
			runOnlyForDeploymentPostprocessing = 0;
		};
/* End PBXFrameworksBuildPhase section */

/* Begin PBXGroup section */
		8336B6CF2C5432BA0020D996 /* Components */ = {
			isa = PBXGroup;
			children = (
				8336B6D02C5432D30020D996 /* PrimaryButton.swift */,
				8336B6D22C5442F00020D996 /* SecondaryButton.swift */,
				8336B6FA2C54B17E0020D996 /* TertiaryButton.swift */,
			);
			path = Components;
			sourceTree = "<group>";
		};
		8336B6D42C5470250020D996 /* LoginCPFView */ = {
			isa = PBXGroup;
			children = (
				8336B6D62C54704A0020D996 /* LoginCPFView.swift */,
				8336B6D82C5470590020D996 /* LoginCPFViewModel.swift */,
				8336B6DA2C5470690020D996 /* LoginCPFViewController.swift */,
			);
			path = LoginCPFView;
			sourceTree = "<group>";
		};
		8336B6E12C54709F0020D996 /* desafio-ios-michelliTests */ = {
			isa = PBXGroup;
			children = (
				8336B6EA2C5471080020D996 /* LoginCPFViewTests */,
				8336B6E92C5470FB0020D996 /* RootViewTests */,
				8336B6E22C54709F0020D996 /* desafio_ios_michelliTests.swift */,
			);
			path = "desafio-ios-michelliTests";
			sourceTree = "<group>";
		};
		8336B6E92C5470FB0020D996 /* RootViewTests */ = {
			isa = PBXGroup;
			children = (
			);
			path = RootViewTests;
			sourceTree = "<group>";
		};
		8336B6EA2C5471080020D996 /* LoginCPFViewTests */ = {
			isa = PBXGroup;
			children = (
			);
			path = LoginCPFViewTests;
			sourceTree = "<group>";
		};
		8336B6ED2C5490460020D996 /* LoginPasswordView */ = {
			isa = PBXGroup;
			children = (
				8336B6EE2C5490650020D996 /* LoginPasswordViewModel.swift */,
				8336B6F02C5490770020D996 /* LoginPasswordViewController.swift */,
				8336B6F22C5490870020D996 /* LoginPasswordView.swift */,
			);
			path = LoginPasswordView;
			sourceTree = "<group>";
		};
		8336B6FC2C54B3680020D996 /* ExtractView */ = {
			isa = PBXGroup;
			children = (
				8336B6FF2C54B4520020D996 /* Model */,
				8336B6FD2C54B3B40020D996 /* ExtractDataSource.swift */,
			);
			path = ExtractView;
			sourceTree = "<group>";
		};
		8336B6FF2C54B4520020D996 /* Model */ = {
			isa = PBXGroup;
			children = (
				8336B7002C54B4600020D996 /* ExtractModel.swift */,
			);
			path = Model;
			sourceTree = "<group>";
		};
		8336B7022C54B7BE0020D996 /* Service */ = {
			isa = PBXGroup;
			children = (
			);
			path = Service;
			sourceTree = "<group>";
		};
		8336B7032C54B7C70020D996 /* Features */ = {
			isa = PBXGroup;
			children = (
				837D44EB2C5295B300372C67 /* RootView */,
				8336B6D42C5470250020D996 /* LoginCPFView */,
				8336B6ED2C5490460020D996 /* LoginPasswordView */,
				8336B6FC2C54B3680020D996 /* ExtractView */,
			);
			path = Features;
			sourceTree = "<group>";
		};
		837D44CB2C52933200372C67 = {
			isa = PBXGroup;
			children = (
				837D44D62C52933200372C67 /* desafio-ios-michelli */,
				8336B6E12C54709F0020D996 /* desafio-ios-michelliTests */,
				837D44D52C52933200372C67 /* Products */,
			);
			sourceTree = "<group>";
		};
		837D44D52C52933200372C67 /* Products */ = {
			isa = PBXGroup;
			children = (
				837D44D42C52933200372C67 /* desafio-ios-michelli.app */,
				8336B6E02C54709F0020D996 /* desafio-ios-michelliTests.xctest */,
			);
			name = Products;
			sourceTree = "<group>";
		};
		837D44D62C52933200372C67 /* desafio-ios-michelli */ = {
			isa = PBXGroup;
			children = (
				8336B7032C54B7C70020D996 /* Features */,
				8336B7022C54B7BE0020D996 /* Service */,
				837D44F32C52965900372C67 /* Utils */,
				837D44D72C52933200372C67 /* AppDelegate.swift */,
				837D44D92C52933200372C67 /* SceneDelegate.swift */,
				837D44DB2C52933200372C67 /* ViewController.swift */,
				837D44E02C52933400372C67 /* Assets.xcassets */,
				837D44E22C52933400372C67 /* LaunchScreen.storyboard */,
				837D44E52C52933400372C67 /* Info.plist */,
			);
			path = "desafio-ios-michelli";
			sourceTree = "<group>";
		};
		837D44EB2C5295B300372C67 /* RootView */ = {
			isa = PBXGroup;
			children = (
				837D44ED2C5295DA00372C67 /* RootViewController.swift */,
				837D44EF2C5295E900372C67 /* RootView.swift */,
			);
			path = RootView;
			sourceTree = "<group>";
		};
		837D44F32C52965900372C67 /* Utils */ = {
			isa = PBXGroup;
			children = (
				8336B6CF2C5432BA0020D996 /* Components */,
				837D44FA2C541C5400372C67 /* Fonts */,
				837D44F72C5297FC00372C67 /* Extensions */,
				837D44F42C52966700372C67 /* Protocols */,
			);
			path = Utils;
			sourceTree = "<group>";
		};
		837D44F42C52966700372C67 /* Protocols */ = {
			isa = PBXGroup;
			children = (
				837D44F52C52967800372C67 /* ViewCodable.swift */,
			);
			path = Protocols;
			sourceTree = "<group>";
		};
		837D44F72C5297FC00372C67 /* Extensions */ = {
			isa = PBXGroup;
			children = (
				837D44F82C52980F00372C67 /* UIColor+Extension.swift */,
				837D45012C54201600372C67 /* UIFont+Extension.swift */,
				8336B6F42C5498330020D996 /* UIView+Extension.swift */,
				8336B6F62C54988F0020D996 /* UIViewController+Extension.swift */,
			);
			path = Extensions;
			sourceTree = "<group>";
		};
		837D44FA2C541C5400372C67 /* Fonts */ = {
			isa = PBXGroup;
			children = (
				837D44FB2C541C6700372C67 /* AvenirLTStd-Black.otf */,
				837D44FC2C541C6700372C67 /* AvenirLTStd-Book.otf */,
				837D44FD2C541C6700372C67 /* AvenirLTStd-Roman.otf */,
			);
			path = Fonts;
			sourceTree = "<group>";
		};
/* End PBXGroup section */

/* Begin PBXNativeTarget section */
		8336B6DF2C54709F0020D996 /* desafio-ios-michelliTests */ = {
			isa = PBXNativeTarget;
			buildConfigurationList = 8336B6E62C54709F0020D996 /* Build configuration list for PBXNativeTarget "desafio-ios-michelliTests" */;
			buildPhases = (
				8336B6DC2C54709F0020D996 /* Sources */,
				8336B6DD2C54709F0020D996 /* Frameworks */,
				8336B6DE2C54709F0020D996 /* Resources */,
			);
			buildRules = (
			);
			dependencies = (
				8336B6E52C54709F0020D996 /* PBXTargetDependency */,
			);
			name = "desafio-ios-michelliTests";
			productName = "desafio-ios-michelliTests";
			productReference = 8336B6E02C54709F0020D996 /* desafio-ios-michelliTests.xctest */;
			productType = "com.apple.product-type.bundle.unit-test";
		};
		837D44D32C52933200372C67 /* desafio-ios-michelli */ = {
			isa = PBXNativeTarget;
			buildConfigurationList = 837D44E82C52933400372C67 /* Build configuration list for PBXNativeTarget "desafio-ios-michelli" */;
			buildPhases = (
				837D44D02C52933200372C67 /* Sources */,
				837D44D12C52933200372C67 /* Frameworks */,
				837D44D22C52933200372C67 /* Resources */,
			);
			buildRules = (
			);
			dependencies = (
			);
			name = "desafio-ios-michelli";
			productName = "desafio-ios-michelli";
			productReference = 837D44D42C52933200372C67 /* desafio-ios-michelli.app */;
			productType = "com.apple.product-type.application";
		};
/* End PBXNativeTarget section */

/* Begin PBXProject section */
		837D44CC2C52933200372C67 /* Project object */ = {
			isa = PBXProject;
			attributes = {
				BuildIndependentTargetsInParallel = 1;
				LastSwiftUpdateCheck = 1530;
				LastUpgradeCheck = 1530;
				TargetAttributes = {
					8336B6DF2C54709F0020D996 = {
						CreatedOnToolsVersion = 15.3;
						TestTargetID = 837D44D32C52933200372C67;
					};
					837D44D32C52933200372C67 = {
						CreatedOnToolsVersion = 15.3;
					};
				};
			};
			buildConfigurationList = 837D44CF2C52933200372C67 /* Build configuration list for PBXProject "desafio-ios-michelli" */;
			compatibilityVersion = "Xcode 14.0";
			developmentRegion = en;
			hasScannedForEncodings = 0;
			knownRegions = (
				en,
				Base,
			);
			mainGroup = 837D44CB2C52933200372C67;
			productRefGroup = 837D44D52C52933200372C67 /* Products */;
			projectDirPath = "";
			projectRoot = "";
			targets = (
				837D44D32C52933200372C67 /* desafio-ios-michelli */,
				8336B6DF2C54709F0020D996 /* desafio-ios-michelliTests */,
			);
		};
/* End PBXProject section */

/* Begin PBXResourcesBuildPhase section */
		8336B6DE2C54709F0020D996 /* Resources */ = {
			isa = PBXResourcesBuildPhase;
			buildActionMask = 2147483647;
			files = (
			);
			runOnlyForDeploymentPostprocessing = 0;
		};
		837D44D22C52933200372C67 /* Resources */ = {
			isa = PBXResourcesBuildPhase;
			buildActionMask = 2147483647;
			files = (
				837D44E12C52933400372C67 /* Assets.xcassets in Resources */,
				837D44FE2C541C6700372C67 /* AvenirLTStd-Black.otf in Resources */,
				837D44E42C52933400372C67 /* Base in Resources */,
				837D45002C541C6700372C67 /* AvenirLTStd-Roman.otf in Resources */,
				837D44FF2C541C6700372C67 /* AvenirLTStd-Book.otf in Resources */,
			);
			runOnlyForDeploymentPostprocessing = 0;
		};
/* End PBXResourcesBuildPhase section */

/* Begin PBXSourcesBuildPhase section */
		8336B6DC2C54709F0020D996 /* Sources */ = {
			isa = PBXSourcesBuildPhase;
			buildActionMask = 2147483647;
			files = (
				8336B6E32C54709F0020D996 /* desafio_ios_michelliTests.swift in Sources */,
			);
			runOnlyForDeploymentPostprocessing = 0;
		};
		837D44D02C52933200372C67 /* Sources */ = {
			isa = PBXSourcesBuildPhase;
			buildActionMask = 2147483647;
			files = (
				8336B6F72C54988F0020D996 /* UIViewController+Extension.swift in Sources */,
				8336B6D32C5442F00020D996 /* SecondaryButton.swift in Sources */,
				837D44DC2C52933200372C67 /* ViewController.swift in Sources */,
				8336B6FB2C54B17E0020D996 /* TertiaryButton.swift in Sources */,
				837D44D82C52933200372C67 /* AppDelegate.swift in Sources */,
				837D44EE2C5295DA00372C67 /* RootViewController.swift in Sources */,
				8336B6F12C5490770020D996 /* LoginPasswordViewController.swift in Sources */,
				8336B7012C54B4600020D996 /* ExtractModel.swift in Sources */,
				8336B6DB2C5470690020D996 /* LoginCPFViewController.swift in Sources */,
				8336B6FE2C54B3B40020D996 /* ExtractDataSource.swift in Sources */,
				8336B6EF2C5490650020D996 /* LoginPasswordViewModel.swift in Sources */,
				8336B6F52C5498330020D996 /* UIView+Extension.swift in Sources */,
				837D44DA2C52933200372C67 /* SceneDelegate.swift in Sources */,
				8336B6D12C5432D30020D996 /* PrimaryButton.swift in Sources */,
				8336B6F32C5490870020D996 /* LoginPasswordView.swift in Sources */,
				837D44F62C52967800372C67 /* ViewCodable.swift in Sources */,
				837D45022C54201600372C67 /* UIFont+Extension.swift in Sources */,
				8336B6D92C5470590020D996 /* LoginCPFViewModel.swift in Sources */,
				837D44F02C5295E900372C67 /* RootView.swift in Sources */,
				8336B6D72C54704A0020D996 /* LoginCPFView.swift in Sources */,
				837D44F92C52980F00372C67 /* UIColor+Extension.swift in Sources */,
			);
			runOnlyForDeploymentPostprocessing = 0;
		};
/* End PBXSourcesBuildPhase section */

/* Begin PBXTargetDependency section */
		8336B6E52C54709F0020D996 /* PBXTargetDependency */ = {
			isa = PBXTargetDependency;
			target = 837D44D32C52933200372C67 /* desafio-ios-michelli */;
			targetProxy = 8336B6E42C54709F0020D996 /* PBXContainerItemProxy */;
		};
/* End PBXTargetDependency section */

/* Begin PBXVariantGroup section */
		837D44E22C52933400372C67 /* LaunchScreen.storyboard */ = {
			isa = PBXVariantGroup;
			children = (
				837D44E32C52933400372C67 /* Base */,
			);
			name = LaunchScreen.storyboard;
			sourceTree = "<group>";
		};
/* End PBXVariantGroup section */

/* Begin XCBuildConfiguration section */
		8336B6E72C54709F0020D996 /* Debug */ = {
			isa = XCBuildConfiguration;
			buildSettings = {
				BUNDLE_LOADER = "$(TEST_HOST)";
				CODE_SIGN_STYLE = Automatic;
				CURRENT_PROJECT_VERSION = 1;
				DEVELOPMENT_TEAM = 732277KLEB;
				GENERATE_INFOPLIST_FILE = YES;
				MARKETING_VERSION = 1.0;
				PRODUCT_BUNDLE_IDENTIFIER = "br.com.michellicristina.desafio-ios-michelliTests";
				PRODUCT_NAME = "$(TARGET_NAME)";
				SWIFT_EMIT_LOC_STRINGS = NO;
				SWIFT_VERSION = 5.0;
				TARGETED_DEVICE_FAMILY = "1,2";
				TEST_HOST = "$(BUILT_PRODUCTS_DIR)/desafio-ios-michelli.app/$(BUNDLE_EXECUTABLE_FOLDER_PATH)/desafio-ios-michelli";
			};
			name = Debug;
		};
		8336B6E82C54709F0020D996 /* Release */ = {
			isa = XCBuildConfiguration;
			buildSettings = {
				BUNDLE_LOADER = "$(TEST_HOST)";
				CODE_SIGN_STYLE = Automatic;
				CURRENT_PROJECT_VERSION = 1;
				DEVELOPMENT_TEAM = 732277KLEB;
				GENERATE_INFOPLIST_FILE = YES;
				MARKETING_VERSION = 1.0;
				PRODUCT_BUNDLE_IDENTIFIER = "br.com.michellicristina.desafio-ios-michelliTests";
				PRODUCT_NAME = "$(TARGET_NAME)";
				SWIFT_EMIT_LOC_STRINGS = NO;
				SWIFT_VERSION = 5.0;
				TARGETED_DEVICE_FAMILY = "1,2";
				TEST_HOST = "$(BUILT_PRODUCTS_DIR)/desafio-ios-michelli.app/$(BUNDLE_EXECUTABLE_FOLDER_PATH)/desafio-ios-michelli";
			};
			name = Release;
		};
		837D44E62C52933400372C67 /* Debug */ = {
			isa = XCBuildConfiguration;
			buildSettings = {
				ALWAYS_SEARCH_USER_PATHS = NO;
				ASSETCATALOG_COMPILER_GENERATE_SWIFT_ASSET_SYMBOL_EXTENSIONS = YES;
				CLANG_ANALYZER_NONNULL = YES;
				CLANG_ANALYZER_NUMBER_OBJECT_CONVERSION = YES_AGGRESSIVE;
				CLANG_CXX_LANGUAGE_STANDARD = "gnu++20";
				CLANG_ENABLE_MODULES = YES;
				CLANG_ENABLE_OBJC_ARC = YES;
				CLANG_ENABLE_OBJC_WEAK = YES;
				CLANG_WARN_BLOCK_CAPTURE_AUTORELEASING = YES;
				CLANG_WARN_BOOL_CONVERSION = YES;
				CLANG_WARN_COMMA = YES;
				CLANG_WARN_CONSTANT_CONVERSION = YES;
				CLANG_WARN_DEPRECATED_OBJC_IMPLEMENTATIONS = YES;
				CLANG_WARN_DIRECT_OBJC_ISA_USAGE = YES_ERROR;
				CLANG_WARN_DOCUMENTATION_COMMENTS = YES;
				CLANG_WARN_EMPTY_BODY = YES;
				CLANG_WARN_ENUM_CONVERSION = YES;
				CLANG_WARN_INFINITE_RECURSION = YES;
				CLANG_WARN_INT_CONVERSION = YES;
				CLANG_WARN_NON_LITERAL_NULL_CONVERSION = YES;
				CLANG_WARN_OBJC_IMPLICIT_RETAIN_SELF = YES;
				CLANG_WARN_OBJC_LITERAL_CONVERSION = YES;
				CLANG_WARN_OBJC_ROOT_CLASS = YES_ERROR;
				CLANG_WARN_QUOTED_INCLUDE_IN_FRAMEWORK_HEADER = YES;
				CLANG_WARN_RANGE_LOOP_ANALYSIS = YES;
				CLANG_WARN_STRICT_PROTOTYPES = YES;
				CLANG_WARN_SUSPICIOUS_MOVE = YES;
				CLANG_WARN_UNGUARDED_AVAILABILITY = YES_AGGRESSIVE;
				CLANG_WARN_UNREACHABLE_CODE = YES;
				CLANG_WARN__DUPLICATE_METHOD_MATCH = YES;
				COPY_PHASE_STRIP = NO;
				DEBUG_INFORMATION_FORMAT = dwarf;
				ENABLE_STRICT_OBJC_MSGSEND = YES;
				ENABLE_TESTABILITY = YES;
				ENABLE_USER_SCRIPT_SANDBOXING = YES;
				GCC_C_LANGUAGE_STANDARD = gnu17;
				GCC_DYNAMIC_NO_PIC = NO;
				GCC_NO_COMMON_BLOCKS = YES;
				GCC_OPTIMIZATION_LEVEL = 0;
				GCC_PREPROCESSOR_DEFINITIONS = (
					"DEBUG=1",
					"$(inherited)",
				);
				GCC_WARN_64_TO_32_BIT_CONVERSION = YES;
				GCC_WARN_ABOUT_RETURN_TYPE = YES_ERROR;
				GCC_WARN_UNDECLARED_SELECTOR = YES;
				GCC_WARN_UNINITIALIZED_AUTOS = YES_AGGRESSIVE;
				GCC_WARN_UNUSED_FUNCTION = YES;
				GCC_WARN_UNUSED_VARIABLE = YES;
				IPHONEOS_DEPLOYMENT_TARGET = 17.4;
				LOCALIZATION_PREFERS_STRING_CATALOGS = YES;
				MTL_ENABLE_DEBUG_INFO = INCLUDE_SOURCE;
				MTL_FAST_MATH = YES;
				ONLY_ACTIVE_ARCH = YES;
				SDKROOT = iphoneos;
				SWIFT_ACTIVE_COMPILATION_CONDITIONS = "DEBUG $(inherited)";
				SWIFT_OPTIMIZATION_LEVEL = "-Onone";
			};
			name = Debug;
		};
		837D44E72C52933400372C67 /* Release */ = {
			isa = XCBuildConfiguration;
			buildSettings = {
				ALWAYS_SEARCH_USER_PATHS = NO;
				ASSETCATALOG_COMPILER_GENERATE_SWIFT_ASSET_SYMBOL_EXTENSIONS = YES;
				CLANG_ANALYZER_NONNULL = YES;
				CLANG_ANALYZER_NUMBER_OBJECT_CONVERSION = YES_AGGRESSIVE;
				CLANG_CXX_LANGUAGE_STANDARD = "gnu++20";
				CLANG_ENABLE_MODULES = YES;
				CLANG_ENABLE_OBJC_ARC = YES;
				CLANG_ENABLE_OBJC_WEAK = YES;
				CLANG_WARN_BLOCK_CAPTURE_AUTORELEASING = YES;
				CLANG_WARN_BOOL_CONVERSION = YES;
				CLANG_WARN_COMMA = YES;
				CLANG_WARN_CONSTANT_CONVERSION = YES;
				CLANG_WARN_DEPRECATED_OBJC_IMPLEMENTATIONS = YES;
				CLANG_WARN_DIRECT_OBJC_ISA_USAGE = YES_ERROR;
				CLANG_WARN_DOCUMENTATION_COMMENTS = YES;
				CLANG_WARN_EMPTY_BODY = YES;
				CLANG_WARN_ENUM_CONVERSION = YES;
				CLANG_WARN_INFINITE_RECURSION = YES;
				CLANG_WARN_INT_CONVERSION = YES;
				CLANG_WARN_NON_LITERAL_NULL_CONVERSION = YES;
				CLANG_WARN_OBJC_IMPLICIT_RETAIN_SELF = YES;
				CLANG_WARN_OBJC_LITERAL_CONVERSION = YES;
				CLANG_WARN_OBJC_ROOT_CLASS = YES_ERROR;
				CLANG_WARN_QUOTED_INCLUDE_IN_FRAMEWORK_HEADER = YES;
				CLANG_WARN_RANGE_LOOP_ANALYSIS = YES;
				CLANG_WARN_STRICT_PROTOTYPES = YES;
				CLANG_WARN_SUSPICIOUS_MOVE = YES;
				CLANG_WARN_UNGUARDED_AVAILABILITY = YES_AGGRESSIVE;
				CLANG_WARN_UNREACHABLE_CODE = YES;
				CLANG_WARN__DUPLICATE_METHOD_MATCH = YES;
				COPY_PHASE_STRIP = NO;
				DEBUG_INFORMATION_FORMAT = "dwarf-with-dsym";
				ENABLE_NS_ASSERTIONS = NO;
				ENABLE_STRICT_OBJC_MSGSEND = YES;
				ENABLE_USER_SCRIPT_SANDBOXING = YES;
				GCC_C_LANGUAGE_STANDARD = gnu17;
				GCC_NO_COMMON_BLOCKS = YES;
				GCC_WARN_64_TO_32_BIT_CONVERSION = YES;
				GCC_WARN_ABOUT_RETURN_TYPE = YES_ERROR;
				GCC_WARN_UNDECLARED_SELECTOR = YES;
				GCC_WARN_UNINITIALIZED_AUTOS = YES_AGGRESSIVE;
				GCC_WARN_UNUSED_FUNCTION = YES;
				GCC_WARN_UNUSED_VARIABLE = YES;
				IPHONEOS_DEPLOYMENT_TARGET = 17.4;
				LOCALIZATION_PREFERS_STRING_CATALOGS = YES;
				MTL_ENABLE_DEBUG_INFO = NO;
				MTL_FAST_MATH = YES;
				SDKROOT = iphoneos;
				SWIFT_COMPILATION_MODE = wholemodule;
				VALIDATE_PRODUCT = YES;
			};
			name = Release;
		};
		837D44E92C52933400372C67 /* Debug */ = {
			isa = XCBuildConfiguration;
			buildSettings = {
				ASSETCATALOG_COMPILER_APPICON_NAME = AppIcon;
				ASSETCATALOG_COMPILER_GLOBAL_ACCENT_COLOR_NAME = AccentColor;
				CODE_SIGN_STYLE = Automatic;
				CURRENT_PROJECT_VERSION = 1;
				DEVELOPMENT_TEAM = 732277KLEB;
				GENERATE_INFOPLIST_FILE = YES;
				INFOPLIST_FILE = "desafio-ios-michelli/Info.plist";
				INFOPLIST_KEY_UIApplicationSupportsIndirectInputEvents = YES;
				INFOPLIST_KEY_UILaunchStoryboardName = LaunchScreen;
				INFOPLIST_KEY_UIMainStoryboardFile = "";
				INFOPLIST_KEY_UISupportedInterfaceOrientations_iPad = "UIInterfaceOrientationPortrait UIInterfaceOrientationPortraitUpsideDown UIInterfaceOrientationLandscapeLeft UIInterfaceOrientationLandscapeRight";
				INFOPLIST_KEY_UISupportedInterfaceOrientations_iPhone = "UIInterfaceOrientationPortrait UIInterfaceOrientationLandscapeLeft UIInterfaceOrientationLandscapeRight";
				LD_RUNPATH_SEARCH_PATHS = (
					"$(inherited)",
					"@executable_path/Frameworks",
				);
				MARKETING_VERSION = 1.0;
				PRODUCT_BUNDLE_IDENTIFIER = "br.com.michellicristina.desafio-ios-michelli";
				PRODUCT_NAME = "$(TARGET_NAME)";
				SWIFT_EMIT_LOC_STRINGS = YES;
				SWIFT_VERSION = 5.0;
				TARGETED_DEVICE_FAMILY = "1,2";
			};
			name = Debug;
		};
		837D44EA2C52933400372C67 /* Release */ = {
			isa = XCBuildConfiguration;
			buildSettings = {
				ASSETCATALOG_COMPILER_APPICON_NAME = AppIcon;
				ASSETCATALOG_COMPILER_GLOBAL_ACCENT_COLOR_NAME = AccentColor;
				CODE_SIGN_STYLE = Automatic;
				CURRENT_PROJECT_VERSION = 1;
				DEVELOPMENT_TEAM = 732277KLEB;
				GENERATE_INFOPLIST_FILE = YES;
				INFOPLIST_FILE = "desafio-ios-michelli/Info.plist";
				INFOPLIST_KEY_UIApplicationSupportsIndirectInputEvents = YES;
				INFOPLIST_KEY_UILaunchStoryboardName = LaunchScreen;
				INFOPLIST_KEY_UIMainStoryboardFile = "";
				INFOPLIST_KEY_UISupportedInterfaceOrientations_iPad = "UIInterfaceOrientationPortrait UIInterfaceOrientationPortraitUpsideDown UIInterfaceOrientationLandscapeLeft UIInterfaceOrientationLandscapeRight";
				INFOPLIST_KEY_UISupportedInterfaceOrientations_iPhone = "UIInterfaceOrientationPortrait UIInterfaceOrientationLandscapeLeft UIInterfaceOrientationLandscapeRight";
				LD_RUNPATH_SEARCH_PATHS = (
					"$(inherited)",
					"@executable_path/Frameworks",
				);
				MARKETING_VERSION = 1.0;
				PRODUCT_BUNDLE_IDENTIFIER = "br.com.michellicristina.desafio-ios-michelli";
				PRODUCT_NAME = "$(TARGET_NAME)";
				SWIFT_EMIT_LOC_STRINGS = YES;
				SWIFT_VERSION = 5.0;
				TARGETED_DEVICE_FAMILY = "1,2";
			};
			name = Release;
		};
/* End XCBuildConfiguration section */

/* Begin XCConfigurationList section */
		8336B6E62C54709F0020D996 /* Build configuration list for PBXNativeTarget "desafio-ios-michelliTests" */ = {
			isa = XCConfigurationList;
			buildConfigurations = (
				8336B6E72C54709F0020D996 /* Debug */,
				8336B6E82C54709F0020D996 /* Release */,
			);
			defaultConfigurationIsVisible = 0;
			defaultConfigurationName = Release;
		};
		837D44CF2C52933200372C67 /* Build configuration list for PBXProject "desafio-ios-michelli" */ = {
			isa = XCConfigurationList;
			buildConfigurations = (
				837D44E62C52933400372C67 /* Debug */,
				837D44E72C52933400372C67 /* Release */,
			);
			defaultConfigurationIsVisible = 0;
			defaultConfigurationName = Release;
		};
		837D44E82C52933400372C67 /* Build configuration list for PBXNativeTarget "desafio-ios-michelli" */ = {
			isa = XCConfigurationList;
			buildConfigurations = (
				837D44E92C52933400372C67 /* Debug */,
				837D44EA2C52933400372C67 /* Release */,
			);
			defaultConfigurationIsVisible = 0;
			defaultConfigurationName = Release;
		};
/* End XCConfigurationList section */
	};
	rootObject = 837D44CC2C52933200372C67 /* Project object */;
}
